
Microsoft Visual Studio Solution File, Format Version 12.00
# Visual Studio Version 17
VisualStudioVersion = 17.5.002.0
MinimumVisualStudioVersion = 10.0.40219.1
Project("{9A19103F-16F7-4668-BE54-9A1E7A4F7556}") = "Backend", "Backend\Backend.csproj", "{87043ECA-2AA4-4342-B332-D89B55B2274E}"
EndProject
Global
	GlobalSection(SolutionConfigurationPlatforms) = preSolution
		Debug|Any CPU = Debug|Any CPU
		Release|Any CPU = Release|Any CPU
	EndGlobalSection
	GlobalSection(ProjectConfigurationPlatforms) = postSolution
		{87043ECA-2AA4-4342-B332-D89B55B2274E}.Debug|Any CPU.ActiveCfg = Debug|Any CPU
		{87043ECA-2AA4-4342-B332-D89B55B2274E}.Debug|Any CPU.Build.0 = Debug|Any CPU
		{87043ECA-2AA4-4342-B332-D89B55B2274E}.Release|Any CPU.ActiveCfg = Release|Any CPU
		{87043ECA-2AA4-4342-B332-D89B55B2274E}.Release|Any CPU.Build.0 = Release|Any CPU
	EndGlobalSection
	GlobalSection(SolutionProperties) = preSolution
		HideSolutionNode = FALSE
	EndGlobalSection
	GlobalSection(ExtensibilityGlobals) = postSolution
		SolutionGuid = {22880DBC-2A3B-410D-9540-7EB4B17DF299}
	EndGlobalSection
EndGlobal
